
Microsoft Visual Studio Solution File, Format Version 12.00
# Visual Studio 15
VisualStudioVersion = 15.0.28307.168
MinimumVisualStudioVersion = 10.0.40219.1
Project("{FAE04EC0-301F-11D3-BF4B-00C04F79EFBC}") = "CustomerDemo", "CustomerDemo\CustomerDemo.csproj", "{43CDED5F-0FDA-4B10-88B2-F14E6F41B27C}"
EndProject
Project("{FAE04EC0-301F-11D3-BF4B-00C04F79EFBC}") = "ImportDemo", "ImportDemo\ImportDemo.csproj", "{DA63315F-8626-435B-9F9C-11A9D4FC4DCA}"
EndProject
Project("{FAE04EC0-301F-11D3-BF4B-00C04F79EFBC}") = "AuthorizationDemo", "AuthorizationDemo\AuthorizationDemo.csproj", "{E5E241B8-06AC-4106-A340-3EB6ADDE0D5F}"
EndProject
Project("{FAE04EC0-301F-11D3-BF4B-00C04F79EFBC}") = "Reporting", "Reporting\Reporting.csproj", "{1E21E6C4-D5A5-48CF-9E71-54AFBEF0AC16}"
EndProject
Project("{FAE04EC0-301F-11D3-BF4B-00C04F79EFBC}") = "ProjectDemo", "ProjectDemo\ProjectDemo.csproj", "{24FA932C-0585-4E54-A33A-8DE81CAF24C6}"
EndProject
Project("{FAE04EC0-301F-11D3-BF4B-00C04F79EFBC}") = "ProductDemo", "ProductDemo\ProductDemo.csproj", "{6D5F7EEA-4358-4FB7-9B46-06174B0F8D20}"
EndProject
Project("{FAE04EC0-301F-11D3-BF4B-00C04F79EFBC}") = "OutgoingInvoice", "OutgoingInvoice\OutgoingInvoice.csproj", "{AEF3693C-E6D6-4581-9C6C-9E5FC2378140}"
EndProject
Project("{FAE04EC0-301F-11D3-BF4B-00C04F79EFBC}") = "PayrollDemo", "Payroll\PayrollDemo.csproj", "{C94531B7-F2E4-4832-BABD-52B05E954CE5}"
EndProject
Project("{FAE04EC0-301F-11D3-BF4B-00C04F79EFBC}") = "TimeTracking", "TimeTracking\TimeTracking.csproj", "{98BE8BAD-3159-494C-81C5-CC80F2DF4F72}"
EndProject
Project("{FAE04EC0-301F-11D3-BF4B-00C04F79EFBC}") = "RecurringInvoice", "RecurringInvoice\RecurringInvoice.csproj", "{84E815BD-214B-4E61-A6D9-1289E105CD9F}"
EndProject
Project("{FAE04EC0-301F-11D3-BF4B-00C04F79EFBC}") = "GeneralLedgerAccounts", "GeneralLedgerAccounts\GeneralLedgerAccounts.csproj", "{C9847B0B-206B-4994-97B6-18BC61D0DFD5}"
EndProject
Global
	GlobalSection(SolutionConfigurationPlatforms) = preSolution
		Debug|Any CPU = Debug|Any CPU
		Release|Any CPU = Release|Any CPU
	EndGlobalSection
	GlobalSection(ProjectConfigurationPlatforms) = postSolution
		{43CDED5F-0FDA-4B10-88B2-F14E6F41B27C}.Debug|Any CPU.ActiveCfg = Debug|Any CPU
		{43CDED5F-0FDA-4B10-88B2-F14E6F41B27C}.Debug|Any CPU.Build.0 = Debug|Any CPU
		{43CDED5F-0FDA-4B10-88B2-F14E6F41B27C}.Release|Any CPU.ActiveCfg = Release|Any CPU
		{43CDED5F-0FDA-4B10-88B2-F14E6F41B27C}.Release|Any CPU.Build.0 = Release|Any CPU
		{DA63315F-8626-435B-9F9C-11A9D4FC4DCA}.Debug|Any CPU.ActiveCfg = Debug|Any CPU
		{DA63315F-8626-435B-9F9C-11A9D4FC4DCA}.Debug|Any CPU.Build.0 = Debug|Any CPU
		{DA63315F-8626-435B-9F9C-11A9D4FC4DCA}.Release|Any CPU.ActiveCfg = Release|Any CPU
		{DA63315F-8626-435B-9F9C-11A9D4FC4DCA}.Release|Any CPU.Build.0 = Release|Any CPU
		{E5E241B8-06AC-4106-A340-3EB6ADDE0D5F}.Debug|Any CPU.ActiveCfg = Debug|Any CPU
		{E5E241B8-06AC-4106-A340-3EB6ADDE0D5F}.Debug|Any CPU.Build.0 = Debug|Any CPU
		{E5E241B8-06AC-4106-A340-3EB6ADDE0D5F}.Release|Any CPU.ActiveCfg = Release|Any CPU
		{E5E241B8-06AC-4106-A340-3EB6ADDE0D5F}.Release|Any CPU.Build.0 = Release|Any CPU
		{1E21E6C4-D5A5-48CF-9E71-54AFBEF0AC16}.Debug|Any CPU.ActiveCfg = Debug|Any CPU
		{1E21E6C4-D5A5-48CF-9E71-54AFBEF0AC16}.Debug|Any CPU.Build.0 = Debug|Any CPU
		{1E21E6C4-D5A5-48CF-9E71-54AFBEF0AC16}.Release|Any CPU.ActiveCfg = Release|Any CPU
		{1E21E6C4-D5A5-48CF-9E71-54AFBEF0AC16}.Release|Any CPU.Build.0 = Release|Any CPU
		{24FA932C-0585-4E54-A33A-8DE81CAF24C6}.Debug|Any CPU.ActiveCfg = Debug|Any CPU
		{24FA932C-0585-4E54-A33A-8DE81CAF24C6}.Debug|Any CPU.Build.0 = Debug|Any CPU
		{24FA932C-0585-4E54-A33A-8DE81CAF24C6}.Release|Any CPU.ActiveCfg = Release|Any CPU
		{24FA932C-0585-4E54-A33A-8DE81CAF24C6}.Release|Any CPU.Build.0 = Release|Any CPU
		{6D5F7EEA-4358-4FB7-9B46-06174B0F8D20}.Debug|Any CPU.ActiveCfg = Debug|Any CPU
		{6D5F7EEA-4358-4FB7-9B46-06174B0F8D20}.Debug|Any CPU.Build.0 = Debug|Any CPU
		{6D5F7EEA-4358-4FB7-9B46-06174B0F8D20}.Release|Any CPU.ActiveCfg = Release|Any CPU
		{6D5F7EEA-4358-4FB7-9B46-06174B0F8D20}.Release|Any CPU.Build.0 = Release|Any CPU
		{AEF3693C-E6D6-4581-9C6C-9E5FC2378140}.Debug|Any CPU.ActiveCfg = Debug|Any CPU
		{AEF3693C-E6D6-4581-9C6C-9E5FC2378140}.Debug|Any CPU.Build.0 = Debug|Any CPU
		{AEF3693C-E6D6-4581-9C6C-9E5FC2378140}.Release|Any CPU.ActiveCfg = Release|Any CPU
		{AEF3693C-E6D6-4581-9C6C-9E5FC2378140}.Release|Any CPU.Build.0 = Release|Any CPU
		{C94531B7-F2E4-4832-BABD-52B05E954CE5}.Debug|Any CPU.ActiveCfg = Debug|Any CPU
		{C94531B7-F2E4-4832-BABD-52B05E954CE5}.Debug|Any CPU.Build.0 = Debug|Any CPU
		{C94531B7-F2E4-4832-BABD-52B05E954CE5}.Release|Any CPU.ActiveCfg = Release|Any CPU
		{C94531B7-F2E4-4832-BABD-52B05E954CE5}.Release|Any CPU.Build.0 = Release|Any CPU
		{98BE8BAD-3159-494C-81C5-CC80F2DF4F72}.Debug|Any CPU.ActiveCfg = Debug|Any CPU
		{98BE8BAD-3159-494C-81C5-CC80F2DF4F72}.Debug|Any CPU.Build.0 = Debug|Any CPU
		{98BE8BAD-3159-494C-81C5-CC80F2DF4F72}.Release|Any CPU.ActiveCfg = Release|Any CPU
		{98BE8BAD-3159-494C-81C5-CC80F2DF4F72}.Release|Any CPU.Build.0 = Release|Any CPU
		{84E815BD-214B-4E61-A6D9-1289E105CD9F}.Debug|Any CPU.ActiveCfg = Debug|Any CPU
		{84E815BD-214B-4E61-A6D9-1289E105CD9F}.Debug|Any CPU.Build.0 = Debug|Any CPU
		{84E815BD-214B-4E61-A6D9-1289E105CD9F}.Release|Any CPU.ActiveCfg = Release|Any CPU
		{84E815BD-214B-4E61-A6D9-1289E105CD9F}.Release|Any CPU.Build.0 = Release|Any CPU
		{C9847B0B-206B-4994-97B6-18BC61D0DFD5}.Debug|Any CPU.ActiveCfg = Debug|Any CPU
		{C9847B0B-206B-4994-97B6-18BC61D0DFD5}.Debug|Any CPU.Build.0 = Debug|Any CPU
		{C9847B0B-206B-4994-97B6-18BC61D0DFD5}.Release|Any CPU.ActiveCfg = Release|Any CPU
		{C9847B0B-206B-4994-97B6-18BC61D0DFD5}.Release|Any CPU.Build.0 = Release|Any CPU
	EndGlobalSection
	GlobalSection(SolutionProperties) = preSolution
		HideSolutionNode = FALSE
	EndGlobalSection
	GlobalSection(ExtensibilityGlobals) = postSolution
		SolutionGuid = {A566A9A1-4F60-49D1-A829-5D251FFB876C}
	EndGlobalSection
EndGlobal
